
Microsoft Visual Studio Solution File, Format Version 12.00
# Visual Studio Version 17
VisualStudioVersion = 17.0.31903.59
MinimumVisualStudioVersion = 10.0.40219.1
Project("{FAE04EC0-301F-11D3-BF4B-00C04F79EFBC}") = "Creerlio.Api", "Creerlio.Api\Creerlio.Api.csproj", "{AB650566-389E-4339-BD82-B9D6D7C8E62A}"
EndProject
Project("{FAE04EC0-301F-11D3-BF4B-00C04F79EFBC}") = "Creerlio.Application", "Creerlio.Application\Creerlio.Application.csproj", "{5C67EA8B-0733-4E02-A4ED-A9D8E0EC2E25}"
EndProject
Project("{FAE04EC0-301F-11D3-BF4B-00C04F79EFBC}") = "Creerlio.Domain", "Creerlio.Domain\Creerlio.Domain.csproj", "{AFD3F3B4-8106-4912-99C5-309657D9CAB7}"
EndProject
Project("{FAE04EC0-301F-11D3-BF4B-00C04F79EFBC}") = "Creerlio.Infrastructure", "Creerlio.Infrastructure\Creerlio.Infrastructure.csproj", "{A88662CD-4E35-462D-BEC3-9E119ABB8746}"
EndProject
Global
	GlobalSection(SolutionConfigurationPlatforms) = preSolution
		Debug|Any CPU = Debug|Any CPU
		Release|Any CPU = Release|Any CPU
	EndGlobalSection
	GlobalSection(SolutionProperties) = preSolution
		HideSolutionNode = FALSE
	EndGlobalSection
	GlobalSection(ProjectConfigurationPlatforms) = postSolution
		{AB650566-389E-4339-BD82-B9D6D7C8E62A}.Debug|Any CPU.ActiveCfg = Debug|Any CPU
		{AB650566-389E-4339-BD82-B9D6D7C8E62A}.Debug|Any CPU.Build.0 = Debug|Any CPU
		{AB650566-389E-4339-BD82-B9D6D7C8E62A}.Release|Any CPU.ActiveCfg = Release|Any CPU
		{AB650566-389E-4339-BD82-B9D6D7C8E62A}.Release|Any CPU.Build.0 = Release|Any CPU
		{5C67EA8B-0733-4E02-A4ED-A9D8E0EC2E25}.Debug|Any CPU.ActiveCfg = Debug|Any CPU
		{5C67EA8B-0733-4E02-A4ED-A9D8E0EC2E25}.Debug|Any CPU.Build.0 = Debug|Any CPU
		{5C67EA8B-0733-4E02-A4ED-A9D8E0EC2E25}.Release|Any CPU.ActiveCfg = Release|Any CPU
		{5C67EA8B-0733-4E02-A4ED-A9D8E0EC2E25}.Release|Any CPU.Build.0 = Release|Any CPU
		{AFD3F3B4-8106-4912-99C5-309657D9CAB7}.Debug|Any CPU.ActiveCfg = Debug|Any CPU
		{AFD3F3B4-8106-4912-99C5-309657D9CAB7}.Debug|Any CPU.Build.0 = Debug|Any CPU
		{AFD3F3B4-8106-4912-99C5-309657D9CAB7}.Release|Any CPU.ActiveCfg = Release|Any CPU
		{AFD3F3B4-8106-4912-99C5-309657D9CAB7}.Release|Any CPU.Build.0 = Release|Any CPU
		{A88662CD-4E35-462D-BEC3-9E119ABB8746}.Debug|Any CPU.ActiveCfg = Debug|Any CPU
		{A88662CD-4E35-462D-BEC3-9E119ABB8746}.Debug|Any CPU.Build.0 = Debug|Any CPU
		{A88662CD-4E35-462D-BEC3-9E119ABB8746}.Release|Any CPU.ActiveCfg = Release|Any CPU
		{A88662CD-4E35-462D-BEC3-9E119ABB8746}.Release|Any CPU.Build.0 = Release|Any CPU
	EndGlobalSection
EndGlobal
